
Microsoft Visual Studio Solution File, Format Version 12.00
# Visual Studio Version 17
VisualStudioVersion = 17.11.35222.181
MinimumVisualStudioVersion = 10.0.40219.1
Project("{FAE04EC0-301F-11D3-BF4B-00C04F79EFBC}") = "SharedLib", "SharedLib\SharedLib.csproj", "{D0E1CDFA-661C-4A29-96D2-11FF4E50336A}"
EndProject
Project("{FAE04EC0-301F-11D3-BF4B-00C04F79EFBC}") = "ProductCatalogue", "ProductCatalogue\ProductCatalogue.csproj", "{15AF4668-8011-44CE-AC6E-32C12A759F98}"
EndProject
Global
	GlobalSection(SolutionConfigurationPlatforms) = preSolution
		Debug|Any CPU = Debug|Any CPU
		Release|Any CPU = Release|Any CPU
	EndGlobalSection
	GlobalSection(ProjectConfigurationPlatforms) = postSolution
		{D0E1CDFA-661C-4A29-96D2-11FF4E50336A}.Debug|Any CPU.ActiveCfg = Debug|Any CPU
		{D0E1CDFA-661C-4A29-96D2-11FF4E50336A}.Debug|Any CPU.Build.0 = Debug|Any CPU
		{D0E1CDFA-661C-4A29-96D2-11FF4E50336A}.Release|Any CPU.ActiveCfg = Release|Any CPU
		{D0E1CDFA-661C-4A29-96D2-11FF4E50336A}.Release|Any CPU.Build.0 = Release|Any CPU
		{15AF4668-8011-44CE-AC6E-32C12A759F98}.Debug|Any CPU.ActiveCfg = Debug|Any CPU
		{15AF4668-8011-44CE-AC6E-32C12A759F98}.Debug|Any CPU.Build.0 = Debug|Any CPU
		{15AF4668-8011-44CE-AC6E-32C12A759F98}.Release|Any CPU.ActiveCfg = Release|Any CPU
		{15AF4668-8011-44CE-AC6E-32C12A759F98}.Release|Any CPU.Build.0 = Release|Any CPU
	EndGlobalSection
	GlobalSection(SolutionProperties) = preSolution
		HideSolutionNode = FALSE
	EndGlobalSection
	GlobalSection(ExtensibilityGlobals) = postSolution
		SolutionGuid = {26AD16CF-F88B-465D-97E8-B36FF221829F}
	EndGlobalSection
EndGlobal
